
Microsoft Visual Studio Solution File, Format Version 12.00
# Visual Studio Version 17
VisualStudioVersion = 17.13.35828.75 d17.13
MinimumVisualStudioVersion = 10.0.40219.1
Project("{FAE04EC0-301F-11D3-BF4B-00C04F79EFBC}") = "shorter.client", "shorter.client\shorter.client.csproj", "{F415E7B8-5A43-4137-A5F8-90900488B6C6}"
EndProject
Project("{FAE04EC0-301F-11D3-BF4B-00C04F79EFBC}") = "shorter.redirect", "shorter.redirect\shorter.redirect.csproj", "{3E05C12B-DAF7-4346-9AB3-D40F08090DD9}"
EndProject
Project("{FAE04EC0-301F-11D3-BF4B-00C04F79EFBC}") = "shorter.data", "shorter.data\shorter.data.csproj", "{1606425F-C9E1-4B66-B0EA-69BA0A0632C5}"
EndProject
Global
	GlobalSection(SolutionConfigurationPlatforms) = preSolution
		Debug|Any CPU = Debug|Any CPU
		Release|Any CPU = Release|Any CPU
	EndGlobalSection
	GlobalSection(ProjectConfigurationPlatforms) = postSolution
		{F415E7B8-5A43-4137-A5F8-90900488B6C6}.Debug|Any CPU.ActiveCfg = Debug|Any CPU
		{F415E7B8-5A43-4137-A5F8-90900488B6C6}.Debug|Any CPU.Build.0 = Debug|Any CPU
		{F415E7B8-5A43-4137-A5F8-90900488B6C6}.Release|Any CPU.ActiveCfg = Release|Any CPU
		{F415E7B8-5A43-4137-A5F8-90900488B6C6}.Release|Any CPU.Build.0 = Release|Any CPU
		{3E05C12B-DAF7-4346-9AB3-D40F08090DD9}.Debug|Any CPU.ActiveCfg = Debug|Any CPU
		{3E05C12B-DAF7-4346-9AB3-D40F08090DD9}.Debug|Any CPU.Build.0 = Debug|Any CPU
		{3E05C12B-DAF7-4346-9AB3-D40F08090DD9}.Release|Any CPU.ActiveCfg = Release|Any CPU
		{3E05C12B-DAF7-4346-9AB3-D40F08090DD9}.Release|Any CPU.Build.0 = Release|Any CPU
		{1606425F-C9E1-4B66-B0EA-69BA0A0632C5}.Debug|Any CPU.ActiveCfg = Debug|Any CPU
		{1606425F-C9E1-4B66-B0EA-69BA0A0632C5}.Debug|Any CPU.Build.0 = Debug|Any CPU
		{1606425F-C9E1-4B66-B0EA-69BA0A0632C5}.Release|Any CPU.ActiveCfg = Release|Any CPU
		{1606425F-C9E1-4B66-B0EA-69BA0A0632C5}.Release|Any CPU.Build.0 = Release|Any CPU
	EndGlobalSection
	GlobalSection(SolutionProperties) = preSolution
		HideSolutionNode = FALSE
	EndGlobalSection
	GlobalSection(ExtensibilityGlobals) = postSolution
		SolutionGuid = {175D3998-8A67-42D3-BB91-5C324D9FDFDE}
	EndGlobalSection
EndGlobal
